
Microsoft Visual Studio Solution File, Format Version 12.00
# Visual Studio Version 17
VisualStudioVersion = 17.0.31903.59
MinimumVisualStudioVersion = 10.0.40219.1
Project("{FAE04EC0-301F-11D3-BF4B-00C04F79EFBC}") = "Api", "Api\Api.csproj", "{94EE8A1D-D409-4393-9E70-F6DC826BDC1E}"
EndProject
Project("{FAE04EC0-301F-11D3-BF4B-00C04F79EFBC}") = "Teste.Api", "Teste.Api\Teste.Api.csproj", "{961F66A3-A61B-4EAF-A3B1-D0F35A7EFD92}"
EndProject
Global
	GlobalSection(SolutionConfigurationPlatforms) = preSolution
		Debug|Any CPU = Debug|Any CPU
		Release|Any CPU = Release|Any CPU
	EndGlobalSection
	GlobalSection(SolutionProperties) = preSolution
		HideSolutionNode = FALSE
	EndGlobalSection
	GlobalSection(ProjectConfigurationPlatforms) = postSolution
		{94EE8A1D-D409-4393-9E70-F6DC826BDC1E}.Debug|Any CPU.ActiveCfg = Debug|Any CPU
		{94EE8A1D-D409-4393-9E70-F6DC826BDC1E}.Debug|Any CPU.Build.0 = Debug|Any CPU
		{94EE8A1D-D409-4393-9E70-F6DC826BDC1E}.Release|Any CPU.ActiveCfg = Release|Any CPU
		{94EE8A1D-D409-4393-9E70-F6DC826BDC1E}.Release|Any CPU.Build.0 = Release|Any CPU
		{961F66A3-A61B-4EAF-A3B1-D0F35A7EFD92}.Debug|Any CPU.ActiveCfg = Debug|Any CPU
		{961F66A3-A61B-4EAF-A3B1-D0F35A7EFD92}.Debug|Any CPU.Build.0 = Debug|Any CPU
		{961F66A3-A61B-4EAF-A3B1-D0F35A7EFD92}.Release|Any CPU.ActiveCfg = Release|Any CPU
		{961F66A3-A61B-4EAF-A3B1-D0F35A7EFD92}.Release|Any CPU.Build.0 = Release|Any CPU
	EndGlobalSection
EndGlobal
